
Microsoft Visual Studio Solution File, Format Version 12.00
# Visual Studio Version 17
VisualStudioVersion = 17.1.32210.238
MinimumVisualStudioVersion = 10.0.40219.1
Project("{FAE04EC0-301F-11D3-BF4B-00C04F79EFBC}") = "BlazorChatSignalIR.Server", "BlazorChatSignalIR\Server\BlazorChatSignalIR.Server.csproj", "{5C775EB9-8DA9-4128-ACC5-BDF32780AE4C}"
EndProject
Project("{FAE04EC0-301F-11D3-BF4B-00C04F79EFBC}") = "BlazorChatSignalIR.Client", "BlazorChatSignalIR\Client\BlazorChatSignalIR.Client.csproj", "{8AB4A4AE-7562-4A6E-94BC-828577F72D9F}"
EndProject
Project("{FAE04EC0-301F-11D3-BF4B-00C04F79EFBC}") = "BlazorChatSignalIR.Shared", "BlazorChatSignalIR\Shared\BlazorChatSignalIR.Shared.csproj", "{06EAF242-DDF5-40C8-84AD-726651E61F02}"
EndProject
Global
	GlobalSection(SolutionConfigurationPlatforms) = preSolution
		Debug|Any CPU = Debug|Any CPU
		Release|Any CPU = Release|Any CPU
	EndGlobalSection
	GlobalSection(ProjectConfigurationPlatforms) = postSolution
		{5C775EB9-8DA9-4128-ACC5-BDF32780AE4C}.Debug|Any CPU.ActiveCfg = Debug|Any CPU
		{5C775EB9-8DA9-4128-ACC5-BDF32780AE4C}.Debug|Any CPU.Build.0 = Debug|Any CPU
		{5C775EB9-8DA9-4128-ACC5-BDF32780AE4C}.Release|Any CPU.ActiveCfg = Release|Any CPU
		{5C775EB9-8DA9-4128-ACC5-BDF32780AE4C}.Release|Any CPU.Build.0 = Release|Any CPU
		{8AB4A4AE-7562-4A6E-94BC-828577F72D9F}.Debug|Any CPU.ActiveCfg = Debug|Any CPU
		{8AB4A4AE-7562-4A6E-94BC-828577F72D9F}.Debug|Any CPU.Build.0 = Debug|Any CPU
		{8AB4A4AE-7562-4A6E-94BC-828577F72D9F}.Release|Any CPU.ActiveCfg = Release|Any CPU
		{8AB4A4AE-7562-4A6E-94BC-828577F72D9F}.Release|Any CPU.Build.0 = Release|Any CPU
		{06EAF242-DDF5-40C8-84AD-726651E61F02}.Debug|Any CPU.ActiveCfg = Debug|Any CPU
		{06EAF242-DDF5-40C8-84AD-726651E61F02}.Debug|Any CPU.Build.0 = Debug|Any CPU
		{06EAF242-DDF5-40C8-84AD-726651E61F02}.Release|Any CPU.ActiveCfg = Release|Any CPU
		{06EAF242-DDF5-40C8-84AD-726651E61F02}.Release|Any CPU.Build.0 = Release|Any CPU
	EndGlobalSection
	GlobalSection(SolutionProperties) = preSolution
		HideSolutionNode = FALSE
	EndGlobalSection
	GlobalSection(ExtensibilityGlobals) = postSolution
		SolutionGuid = {A3B73236-1041-4803-B71C-145A30847FF1}
	EndGlobalSection
EndGlobal
